
Microsoft Visual Studio Solution File, Format Version 12.00
# Visual Studio Version 17
VisualStudioVersion = 17.0.32112.339
MinimumVisualStudioVersion = 10.0.40219.1
Project("{8BC9CEB8-8B4A-11D0-8D11-00A0C91BC942}") = "Paul Bunyan", "Paul Bunyan.vcxproj", "{C43C2538-FF79-4862-930A-1AF5AD5C5DB5}"
EndProject
Global
	GlobalSection(SolutionConfigurationPlatforms) = preSolution
		Debug|x64 = Debug|x64
		Debug|x86 = Debug|x86
		Release|x64 = Release|x64
		Release|x86 = Release|x86
	EndGlobalSection
	GlobalSection(ProjectConfigurationPlatforms) = postSolution
		{C43C2538-FF79-4862-930A-1AF5AD5C5DB5}.Debug|x64.ActiveCfg = Debug|x64
		{C43C2538-FF79-4862-930A-1AF5AD5C5DB5}.Debug|x64.Build.0 = Debug|x64
		{C43C2538-FF79-4862-930A-1AF5AD5C5DB5}.Debug|x86.ActiveCfg = Debug|Win32
		{C43C2538-FF79-4862-930A-1AF5AD5C5DB5}.Debug|x86.Build.0 = Debug|Win32
		{C43C2538-FF79-4862-930A-1AF5AD5C5DB5}.Release|x64.ActiveCfg = Release|x64
		{C43C2538-FF79-4862-930A-1AF5AD5C5DB5}.Release|x64.Build.0 = Release|x64
		{C43C2538-FF79-4862-930A-1AF5AD5C5DB5}.Release|x86.ActiveCfg = Release|Win32
		{C43C2538-FF79-4862-930A-1AF5AD5C5DB5}.Release|x86.Build.0 = Release|Win32
	EndGlobalSection
	GlobalSection(SolutionProperties) = preSolution
		HideSolutionNode = FALSE
	EndGlobalSection
	GlobalSection(ExtensibilityGlobals) = postSolution
		SolutionGuid = {E1B9526B-D8E8-4063-9C6F-C7154E3E52E4}
	EndGlobalSection
EndGlobal
